#MicroXplorer Configuration settings - do not modify
ADC1.Channel-3\#ChannelRegularConversion=ADC_CHANNEL_12
ADC1.Channel-4\#ChannelRegularConversion=ADC_CHANNEL_13
ADC1.Channel-5\#ChannelRegularConversion=ADC_CHANNEL_14
ADC1.Channel-6\#ChannelRegularConversion=ADC_CHANNEL_15
ADC1.Channel-7\#ChannelRegularConversion=ADC_CHANNEL_TEMPSENSOR
ADC1.Channel-9\#ChannelRegularConversion=ADC_CHANNEL_VREFINT
ADC1.ContinuousConvMode=ENABLE
ADC1.DMAContinuousRequests=ENABLE
ADC1.IPParameters=Rank-3\#ChannelRegularConversion,master,Channel-3\#ChannelRegularConversion,SamplingTime-3\#ChannelRegularConversion,NbrOfConversionFlag,ScanConvMode,ContinuousConvMode,DMAContinuousRequests,InjNumberOfConversion,Rank-4\#ChannelRegularConversion,Channel-4\#ChannelRegularConversion,SamplingTime-4\#ChannelRegularConversion,Rank-5\#ChannelRegularConversion,Channel-5\#ChannelRegularConversion,SamplingTime-5\#ChannelRegularConversion,Rank-6\#ChannelRegularConversion,Channel-6\#ChannelRegularConversion,SamplingTime-6\#ChannelRegularConversion,NbrOfConversion,Rank-7\#ChannelRegularConversion,Channel-7\#ChannelRegularConversion,SamplingTime-7\#ChannelRegularConversion,Rank-9\#ChannelRegularConversion,Channel-9\#ChannelRegularConversion,SamplingTime-9\#ChannelRegularConversion
ADC1.InjNumberOfConversion=0
ADC1.NbrOfConversion=6
ADC1.NbrOfConversionFlag=1
ADC1.Rank-3\#ChannelRegularConversion=1
ADC1.Rank-4\#ChannelRegularConversion=2
ADC1.Rank-5\#ChannelRegularConversion=3
ADC1.Rank-6\#ChannelRegularConversion=4
ADC1.Rank-7\#ChannelRegularConversion=5
ADC1.Rank-9\#ChannelRegularConversion=6
ADC1.SamplingTime-3\#ChannelRegularConversion=ADC_SAMPLETIME_28CYCLES
ADC1.SamplingTime-4\#ChannelRegularConversion=ADC_SAMPLETIME_28CYCLES
ADC1.SamplingTime-5\#ChannelRegularConversion=ADC_SAMPLETIME_28CYCLES
ADC1.SamplingTime-6\#ChannelRegularConversion=ADC_SAMPLETIME_28CYCLES
ADC1.SamplingTime-7\#ChannelRegularConversion=ADC_SAMPLETIME_28CYCLES
ADC1.SamplingTime-9\#ChannelRegularConversion=ADC_SAMPLETIME_28CYCLES
ADC1.ScanConvMode=ENABLE
ADC1.master=1
CAN1.AWUM=ENABLE
CAN1.BS1=CAN_BS1_3TQ
CAN1.BS2=CAN_BS2_2TQ
CAN1.CalculateBaudRate=1000000
CAN1.CalculateTimeBit=999.99
CAN1.CalculateTimeQuantum=166.66666666666669
CAN1.IPParameters=CalculateTimeQuantum,CalculateTimeBit,CalculateBaudRate,BS1,Prescaler,BS2,AWUM,TXFP
CAN1.Prescaler=7
CAN1.TXFP=ENABLE
CAN2.AWUM=ENABLE
CAN2.BS1=CAN_BS1_3TQ
CAN2.BS2=CAN_BS2_2TQ
CAN2.CalculateBaudRate=1000000
CAN2.CalculateTimeBit=999.99
CAN2.CalculateTimeQuantum=166.66666666666669
CAN2.IPParameters=CalculateTimeQuantum,CalculateTimeBit,CalculateBaudRate,BS1,Prescaler,BS2,AWUM
CAN2.Prescaler=7
Dma.ADC1.2.Direction=DMA_PERIPH_TO_MEMORY
Dma.ADC1.2.FIFOMode=DMA_FIFOMODE_DISABLE
Dma.ADC1.2.Instance=DMA2_Stream0
Dma.ADC1.2.MemDataAlignment=DMA_MDATAALIGN_HALFWORD
Dma.ADC1.2.MemInc=DMA_MINC_ENABLE
Dma.ADC1.2.Mode=DMA_CIRCULAR
Dma.ADC1.2.PeriphDataAlignment=DMA_PDATAALIGN_HALFWORD
Dma.ADC1.2.PeriphInc=DMA_PINC_DISABLE
Dma.ADC1.2.Priority=DMA_PRIORITY_LOW
Dma.ADC1.2.RequestParameters=Instance,Direction,PeriphInc,MemInc,PeriphDataAlignment,MemDataAlignment,Mode,Priority,FIFOMode
Dma.Request0=UART4_RX
Dma.Request1=UART4_TX
Dma.Request2=ADC1
Dma.Request3=UART5_RX
Dma.Request4=UART5_TX
Dma.RequestsNb=5
Dma.UART4_RX.0.Direction=DMA_PERIPH_TO_MEMORY
Dma.UART4_RX.0.FIFOMode=DMA_FIFOMODE_DISABLE
Dma.UART4_RX.0.Instance=DMA1_Stream2
Dma.UART4_RX.0.MemDataAlignment=DMA_MDATAALIGN_BYTE
Dma.UART4_RX.0.MemInc=DMA_MINC_ENABLE
Dma.UART4_RX.0.Mode=DMA_CIRCULAR
Dma.UART4_RX.0.PeriphDataAlignment=DMA_PDATAALIGN_BYTE
Dma.UART4_RX.0.PeriphInc=DMA_PINC_DISABLE
Dma.UART4_RX.0.Priority=DMA_PRIORITY_LOW
Dma.UART4_RX.0.RequestParameters=Instance,Direction,PeriphInc,MemInc,PeriphDataAlignment,MemDataAlignment,Mode,Priority,FIFOMode
Dma.UART4_TX.1.Direction=DMA_MEMORY_TO_PERIPH
Dma.UART4_TX.1.FIFOMode=DMA_FIFOMODE_DISABLE
Dma.UART4_TX.1.Instance=DMA1_Stream4
Dma.UART4_TX.1.MemDataAlignment=DMA_MDATAALIGN_BYTE
Dma.UART4_TX.1.MemInc=DMA_MINC_ENABLE
Dma.UART4_TX.1.Mode=DMA_NORMAL
Dma.UART4_TX.1.PeriphDataAlignment=DMA_PDATAALIGN_BYTE
Dma.UART4_TX.1.PeriphInc=DMA_PINC_DISABLE
Dma.UART4_TX.1.Priority=DMA_PRIORITY_LOW
Dma.UART4_TX.1.RequestParameters=Instance,Direction,PeriphInc,MemInc,PeriphDataAlignment,MemDataAlignment,Mode,Priority,FIFOMode
Dma.UART5_RX.3.Direction=DMA_PERIPH_TO_MEMORY
Dma.UART5_RX.3.FIFOMode=DMA_FIFOMODE_DISABLE
Dma.UART5_RX.3.Instance=DMA1_Stream0
Dma.UART5_RX.3.MemDataAlignment=DMA_MDATAALIGN_BYTE
Dma.UART5_RX.3.MemInc=DMA_MINC_ENABLE
Dma.UART5_RX.3.Mode=DMA_CIRCULAR
Dma.UART5_RX.3.PeriphDataAlignment=DMA_PDATAALIGN_BYTE
Dma.UART5_RX.3.PeriphInc=DMA_PINC_DISABLE
Dma.UART5_RX.3.Priority=DMA_PRIORITY_LOW
Dma.UART5_RX.3.RequestParameters=Instance,Direction,PeriphInc,MemInc,PeriphDataAlignment,MemDataAlignment,Mode,Priority,FIFOMode
Dma.UART5_TX.4.Direction=DMA_MEMORY_TO_PERIPH
Dma.UART5_TX.4.FIFOMode=DMA_FIFOMODE_DISABLE
Dma.UART5_TX.4.Instance=DMA1_Stream7
Dma.UART5_TX.4.MemDataAlignment=DMA_MDATAALIGN_BYTE
Dma.UART5_TX.4.MemInc=DMA_MINC_ENABLE
Dma.UART5_TX.4.Mode=DMA_NORMAL
Dma.UART5_TX.4.PeriphDataAlignment=DMA_PDATAALIGN_BYTE
Dma.UART5_TX.4.PeriphInc=DMA_PINC_DISABLE
Dma.UART5_TX.4.Priority=DMA_PRIORITY_LOW
Dma.UART5_TX.4.RequestParameters=Instance,Direction,PeriphInc,MemInc,PeriphDataAlignment,MemDataAlignment,Mode,Priority,FIFOMode
FREERTOS.FootprintOK=true
FREERTOS.IPParameters=Tasks01,configENABLE_FPU,FootprintOK,configUSE_PREEMPTION,configTOTAL_HEAP_SIZE,configUSE_TRACE_FACILITY,configUSE_APPLICATION_TASK_TAG
FREERTOS.Tasks01=defaultTask,24,500,StartDefaultTask,Default,NULL,Dynamic,NULL,NULL
FREERTOS.configENABLE_FPU=1
FREERTOS.configTOTAL_HEAP_SIZE=65536
FREERTOS.configUSE_APPLICATION_TASK_TAG=0
FREERTOS.configUSE_PREEMPTION=1
FREERTOS.configUSE_TRACE_FACILITY=1
File.Version=6
GPIO.groupedBy=Group By Peripherals
I2C1.I2C_Mode=I2C_Fast
I2C1.IPParameters=I2C_Mode
I2C2.I2C_Mode=I2C_Fast
I2C2.IPParameters=I2C_Mode
I2C3.I2C_Mode=I2C_Fast
I2C3.IPParameters=I2C_Mode
KeepUserPlacement=false
Mcu.Family=STM32F4
Mcu.IP0=ADC1
Mcu.IP1=CAN1
Mcu.IP10=SPI1
Mcu.IP11=SPI3
Mcu.IP12=SYS
Mcu.IP13=TIM2
Mcu.IP14=TIM3
Mcu.IP15=TIM7
Mcu.IP16=TIM9
Mcu.IP17=TIM10
Mcu.IP18=TIM11
Mcu.IP19=TIM12
Mcu.IP2=CAN2
Mcu.IP20=TIM13
Mcu.IP21=TIM14
Mcu.IP22=UART4
Mcu.IP23=UART5
Mcu.IP24=USART1
Mcu.IP25=USB_DEVICE
Mcu.IP26=USB_OTG_FS
Mcu.IP3=DMA
Mcu.IP4=FREERTOS
Mcu.IP5=I2C1
Mcu.IP6=I2C2
Mcu.IP7=I2C3
Mcu.IP8=NVIC
Mcu.IP9=RCC
Mcu.IPNb=27
Mcu.Name=STM32F405RGTx
Mcu.Package=LQFP64
Mcu.Pin0=PC13-ANTI_TAMP
Mcu.Pin1=PH0-OSC_IN
Mcu.Pin10=PA7
Mcu.Pin11=PC4
Mcu.Pin12=PC5
Mcu.Pin13=PB10
Mcu.Pin14=PB11
Mcu.Pin15=PB12
Mcu.Pin16=PB13
Mcu.Pin17=PB14
Mcu.Pin18=PB15
Mcu.Pin19=PC6
Mcu.Pin2=PH1-OSC_OUT
Mcu.Pin20=PC7
Mcu.Pin21=PC8
Mcu.Pin22=PC9
Mcu.Pin23=PA8
Mcu.Pin24=PA9
Mcu.Pin25=PA10
Mcu.Pin26=PA11
Mcu.Pin27=PA12
Mcu.Pin28=PA13
Mcu.Pin29=PA14
Mcu.Pin3=PC2
Mcu.Pin30=PA15
Mcu.Pin31=PC10
Mcu.Pin32=PC11
Mcu.Pin33=PC12
Mcu.Pin34=PD2
Mcu.Pin35=PB3
Mcu.Pin36=PB4
Mcu.Pin37=PB5
Mcu.Pin38=PB6
Mcu.Pin39=PB7
Mcu.Pin4=PC3
Mcu.Pin40=PB8
Mcu.Pin41=PB9
Mcu.Pin42=VP_ADC1_TempSens_Input
Mcu.Pin43=VP_ADC1_Vref_Input
Mcu.Pin44=VP_FREERTOS_VS_CMSIS_V2
Mcu.Pin45=VP_SYS_VS_tim6
Mcu.Pin46=VP_TIM7_VS_ClockSourceINT
Mcu.Pin47=VP_TIM10_VS_ClockSourceINT
Mcu.Pin48=VP_TIM11_VS_ClockSourceINT
Mcu.Pin49=VP_TIM13_VS_ClockSourceINT
Mcu.Pin5=PA0-WKUP
Mcu.Pin50=VP_TIM14_VS_ClockSourceINT
Mcu.Pin51=VP_USB_DEVICE_VS_USB_DEVICE_CDC_FS
Mcu.Pin6=PA1
Mcu.Pin7=PA2
Mcu.Pin8=PA3
Mcu.Pin9=PA5
Mcu.PinsNb=52
Mcu.ThirdPartyNb=0
Mcu.UserConstants=
Mcu.UserName=STM32F405RGTx
MxCube.Version=6.2.1
MxDb.Version=DB.6.0.21
NVIC.ADC_IRQn=true\:5\:0\:false\:false\:true\:true\:true\:true
NVIC.BusFault_IRQn=true\:0\:0\:false\:false\:true\:false\:false\:false
NVIC.CAN1_RX0_IRQn=true\:5\:0\:true\:false\:true\:true\:true\:true
NVIC.CAN1_RX1_IRQn=true\:5\:0\:true\:false\:true\:true\:true\:true
NVIC.CAN1_SCE_IRQn=true\:5\:0\:true\:false\:true\:true\:true\:true
NVIC.CAN1_TX_IRQn=true\:5\:0\:true\:false\:true\:true\:true\:true
NVIC.CAN2_RX0_IRQn=true\:5\:0\:true\:false\:true\:true\:true\:true
NVIC.CAN2_RX1_IRQn=true\:5\:0\:true\:false\:true\:true\:true\:true
NVIC.CAN2_SCE_IRQn=true\:5\:0\:true\:false\:true\:true\:true\:true
NVIC.CAN2_TX_IRQn=true\:5\:0\:true\:false\:true\:true\:true\:true
NVIC.DMA1_Stream0_IRQn=true\:6\:0\:true\:false\:true\:true\:false\:true
NVIC.DMA1_Stream2_IRQn=true\:6\:0\:true\:false\:true\:true\:false\:true
NVIC.DMA1_Stream4_IRQn=true\:6\:0\:true\:false\:true\:true\:false\:true
NVIC.DMA1_Stream7_IRQn=true\:6\:0\:true\:false\:true\:true\:false\:true
NVIC.DMA2_Stream0_IRQn=true\:5\:0\:false\:false\:true\:true\:false\:true
NVIC.DebugMonitor_IRQn=true\:0\:0\:false\:false\:true\:false\:false\:false
NVIC.ForceEnableDMAVector=true
NVIC.HardFault_IRQn=true\:0\:0\:false\:false\:true\:false\:false\:false
NVIC.MemoryManagement_IRQn=true\:0\:0\:false\:false\:true\:false\:false\:false
NVIC.NonMaskableInt_IRQn=true\:0\:0\:false\:false\:true\:false\:false\:false
NVIC.OTG_FS_IRQn=true\:6\:0\:true\:false\:true\:true\:false\:true
NVIC.PendSV_IRQn=true\:15\:0\:false\:false\:false\:true\:false\:false
NVIC.PriorityGroup=NVIC_PRIORITYGROUP_4
NVIC.SPI3_IRQn=true\:5\:0\:false\:false\:true\:true\:true\:true
NVIC.SVCall_IRQn=true\:0\:0\:false\:false\:false\:false\:false\:false
NVIC.SavedPendsvIrqHandlerGenerated=true
NVIC.SavedSvcallIrqHandlerGenerated=true
NVIC.SavedSystickIrqHandlerGenerated=true
NVIC.SysTick_IRQn=true\:15\:0\:false\:false\:false\:true\:false\:true
NVIC.TIM1_TRG_COM_TIM11_IRQn=true\:5\:0\:false\:false\:true\:true\:true\:true
NVIC.TIM1_UP_TIM10_IRQn=true\:5\:0\:false\:false\:true\:true\:true\:true
NVIC.TIM2_IRQn=true\:5\:0\:true\:false\:true\:true\:true\:true
NVIC.TIM3_IRQn=true\:5\:0\:true\:false\:true\:true\:true\:true
NVIC.TIM6_DAC_IRQn=true\:0\:0\:false\:false\:true\:false\:false\:true
NVIC.TIM7_IRQn=true\:5\:0\:false\:false\:true\:true\:true\:true
NVIC.TIM8_TRG_COM_TIM14_IRQn=true\:5\:0\:false\:false\:true\:true\:true\:true
NVIC.TIM8_UP_TIM13_IRQn=true\:5\:0\:false\:false\:true\:true\:true\:true
NVIC.TimeBase=TIM6_DAC_IRQn
NVIC.TimeBaseIP=TIM6
NVIC.UART4_IRQn=true\:6\:0\:true\:false\:true\:true\:true\:true
NVIC.UART5_IRQn=true\:6\:0\:true\:false\:true\:true\:true\:true
NVIC.UsageFault_IRQn=true\:0\:0\:false\:false\:true\:false\:false\:false
PA0-WKUP.Locked=true
PA0-WKUP.Mode=Asynchronous
PA0-WKUP.Signal=UART4_TX
PA1.Locked=true
PA1.Mode=Asynchronous
PA1.Signal=UART4_RX
PA10.Mode=Asynchronous
PA10.Signal=USART1_RX
PA11.Mode=Device_Only
PA11.Signal=USB_OTG_FS_DM
PA12.Mode=Device_Only
PA12.Signal=USB_OTG_FS_DP
PA13.Mode=Serial_Wire
PA13.Signal=SYS_JTMS-SWDIO
PA14.Mode=Serial_Wire
PA14.Signal=SYS_JTCK-SWCLK
PA15.Signal=S_TIM2_CH1_ETR
PA2.Signal=S_TIM9_CH1
PA3.Signal=S_TIM9_CH2
PA5.Mode=Full_Duplex_Master
PA5.Signal=SPI1_SCK
PA7.Mode=Full_Duplex_Master
PA7.Signal=SPI1_MOSI
PA8.Mode=I2C
PA8.Signal=I2C3_SCL
PA9.Mode=Asynchronous
PA9.Signal=USART1_TX
PB10.GPIOParameters=GPIO_Label
PB10.GPIO_Label=OLED_I2C2_SCL
PB10.Mode=I2C
PB10.Signal=I2C2_SCL
PB11.GPIOParameters=GPIO_Label
PB11.GPIO_Label=OLED_I2C2_SDA
PB11.Mode=I2C
PB11.Signal=I2C2_SDA
PB12.GPIOParameters=GPIO_PuPd
PB12.GPIO_PuPd=GPIO_PULLUP
PB12.Mode=CAN_Activate
PB12.Signal=CAN2_RX
PB13.Mode=CAN_Activate
PB13.Signal=CAN2_TX
PB14.Signal=S_TIM12_CH1
PB15.Signal=S_TIM12_CH2
PB3.Signal=S_TIM2_CH2
PB4.Mode=Full_Duplex_Master
PB4.Signal=SPI1_MISO
PB5.Mode=Full_Duplex_Master
PB5.Signal=SPI3_MOSI
PB6.GPIOParameters=GPIO_Label
PB6.GPIO_Label=IMU_I2C1_SCL
PB6.Mode=I2C
PB6.Signal=I2C1_SCL
PB7.GPIOParameters=GPIO_Label
PB7.GPIO_Label=IMU_I2C1_SDA
PB7.Mode=I2C
PB7.Signal=I2C1_SDA
PB8.GPIOParameters=GPIO_PuPd
PB8.GPIO_PuPd=GPIO_PULLUP
PB8.Mode=CAN_Activate
PB8.Signal=CAN1_RX
PB9.Mode=CAN_Activate
PB9.Signal=CAN1_TX
PC10.Mode=Full_Duplex_Master
PC10.Signal=SPI3_SCK
PC11.Mode=Full_Duplex_Master
PC11.Signal=SPI3_MISO
PC12.Mode=Asynchronous
PC12.Signal=UART5_TX
PC13-ANTI_TAMP.GPIOParameters=GPIO_PuPd,GPIO_Label
PC13-ANTI_TAMP.GPIO_Label=KEY
PC13-ANTI_TAMP.GPIO_PuPd=GPIO_PULLUP
PC13-ANTI_TAMP.Locked=true
PC13-ANTI_TAMP.Signal=GPIO_Input
PC2.Signal=ADCx_IN12
PC3.Signal=ADCx_IN13
PC4.Signal=ADCx_IN14
PC5.Signal=ADCx_IN15
PC6.Signal=S_TIM3_CH1
PC7.Signal=S_TIM3_CH2
PC8.GPIOParameters=GPIO_Speed,PinState,GPIO_PuPd,GPIO_Label
PC8.GPIO_Label=LED
PC8.GPIO_PuPd=GPIO_NOPULL
PC8.GPIO_Speed=GPIO_SPEED_FREQ_HIGH
PC8.Locked=true
PC8.PinState=GPIO_PIN_SET
PC8.Signal=GPIO_Output
PC9.Mode=I2C
PC9.Signal=I2C3_SDA
PD2.Mode=Asynchronous
PD2.Signal=UART5_RX
PH0-OSC_IN.Mode=HSE-External-Oscillator
PH0-OSC_IN.Signal=RCC_OSC_IN
PH1-OSC_OUT.Mode=HSE-External-Oscillator
PH1-OSC_OUT.Signal=RCC_OSC_OUT
PinOutPanel.RotationAngle=0
ProjectManager.AskForMigrate=true
ProjectManager.BackupPrevious=false
ProjectManager.CompilerOptimize=6
ProjectManager.ComputerToolchain=false
ProjectManager.CoupleFile=true
ProjectManager.CustomerFirmwarePackage=
ProjectManager.DefaultFWLocation=true
ProjectManager.DeletePrevious=true
ProjectManager.DeviceId=STM32F405RGTx
ProjectManager.FirmwarePackage=STM32Cube FW_F4 V1.26.1
ProjectManager.FreePins=false
ProjectManager.HalAssertFull=false
ProjectManager.HeapSize=0x3C00
ProjectManager.KeepUserCode=true
ProjectManager.LastFirmware=false
ProjectManager.LibraryCopy=1
ProjectManager.MainLocation=Core/Src
ProjectManager.NoMain=false
ProjectManager.PreviousToolchain=SW4STM32
ProjectManager.ProjectBuild=false
ProjectManager.ProjectFileName=REF-STM32F4-fw.ioc
ProjectManager.ProjectName=REF-STM32F4-fw
ProjectManager.RegisterCallBack=
ProjectManager.StackSize=0x800
ProjectManager.TargetToolchain=SW4STM32
ProjectManager.ToolChainLocation=
ProjectManager.UnderRoot=true
ProjectManager.functionlistsort=1-MX_GPIO_Init-GPIO-false-HAL-false,2-MX_DMA_Init-DMA-false-HAL-true,3-SystemClock_Config-RCC-false-HAL-false,4-MX_I2C1_Init-I2C1-false-HAL-true,5-MX_I2C2_Init-I2C2-false-HAL-true,6-MX_CAN1_Init-CAN1-false-HAL-true,7-MX_CAN2_Init-CAN2-false-HAL-true,8-MX_USART1_UART_Init-USART1-false-HAL-true,9-MX_I2C3_Init-I2C3-false-HAL-true,10-MX_USB_DEVICE_Init-USB_DEVICE-false-HAL-false,11-MX_SPI1_Init-SPI1-false-HAL-true,12-MX_SPI3_Init-SPI3-false-HAL-true,13-MX_UART4_Init-UART4-false-HAL-true,14-MX_ADC1_Init-ADC1-false-HAL-true,15-MX_UART5_Init-UART5-false-HAL-true,16-MX_TIM2_Init-TIM2-false-HAL-true,17-MX_TIM3_Init-TIM3-false-HAL-true,18-MX_TIM12_Init-TIM12-true-HAL-true,19-MX_TIM9_Init-TIM9-true-HAL-true,20-MX_TIM7_Init-TIM7-true-HAL-true,21-MX_TIM10_Init-TIM10-true-HAL-true,22-MX_TIM11_Init-TIM11-true-HAL-true,23-MX_TIM13_Init-TIM13-true-HAL-true,24-MX_TIM14_Init-TIM14-true-HAL-true
RCC.48MHZClocksFreq_Value=48000000
RCC.AHBFreq_Value=168000000
RCC.APB1CLKDivider=RCC_HCLK_DIV4
RCC.APB1Freq_Value=42000000
RCC.APB1TimFreq_Value=84000000
RCC.APB2CLKDivider=RCC_HCLK_DIV2
RCC.APB2Freq_Value=84000000
RCC.APB2TimFreq_Value=168000000
RCC.CortexFreq_Value=168000000
RCC.EthernetFreq_Value=168000000
RCC.FCLKCortexFreq_Value=168000000
RCC.FamilyName=M
RCC.HCLKFreq_Value=168000000
RCC.HSE_VALUE=8000000
RCC.HSI_VALUE=16000000
RCC.I2SClocksFreq_Value=192000000
RCC.IPParameters=48MHZClocksFreq_Value,AHBFreq_Value,APB1CLKDivider,APB1Freq_Value,APB1TimFreq_Value,APB2CLKDivider,APB2Freq_Value,APB2TimFreq_Value,CortexFreq_Value,EthernetFreq_Value,FCLKCortexFreq_Value,FamilyName,HCLKFreq_Value,HSE_VALUE,HSI_VALUE,I2SClocksFreq_Value,LSE_VALUE,LSI_VALUE,MCO2PinFreq_Value,PLLCLKFreq_Value,PLLM,PLLN,PLLQ,PLLQCLKFreq_Value,RTCFreq_Value,RTCHSEDivFreq_Value,SYSCLKFreq_VALUE,SYSCLKSource,VCOI2SOutputFreq_Value,VCOInputFreq_Value,VCOOutputFreq_Value,VcooutputI2S
RCC.LSE_VALUE=32768
RCC.LSI_VALUE=32000
RCC.MCO2PinFreq_Value=168000000
RCC.PLLCLKFreq_Value=168000000
RCC.PLLM=4
RCC.PLLN=168
RCC.PLLQ=7
RCC.PLLQCLKFreq_Value=48000000
RCC.RTCFreq_Value=32000
RCC.RTCHSEDivFreq_Value=4000000
RCC.SYSCLKFreq_VALUE=168000000
RCC.SYSCLKSource=RCC_SYSCLKSOURCE_PLLCLK
RCC.VCOI2SOutputFreq_Value=384000000
RCC.VCOInputFreq_Value=2000000
RCC.VCOOutputFreq_Value=336000000
RCC.VcooutputI2S=192000000
SH.ADCx_IN12.0=ADC1_IN12,IN12
SH.ADCx_IN12.ConfNb=1
SH.ADCx_IN13.0=ADC1_IN13,IN13
SH.ADCx_IN13.ConfNb=1
SH.ADCx_IN14.0=ADC1_IN14,IN14
SH.ADCx_IN14.ConfNb=1
SH.ADCx_IN15.0=ADC1_IN15,IN15
SH.ADCx_IN15.ConfNb=1
SH.S_TIM12_CH1.0=TIM12_CH1,PWM Generation1 CH1
SH.S_TIM12_CH1.ConfNb=1
SH.S_TIM12_CH2.0=TIM12_CH2,PWM Generation2 CH2
SH.S_TIM12_CH2.ConfNb=1
SH.S_TIM2_CH1_ETR.0=TIM2_CH1,Encoder_Interface
SH.S_TIM2_CH1_ETR.ConfNb=1
SH.S_TIM2_CH2.0=TIM2_CH2,Encoder_Interface
SH.S_TIM2_CH2.ConfNb=1
SH.S_TIM3_CH1.0=TIM3_CH1,Encoder_Interface
SH.S_TIM3_CH1.ConfNb=1
SH.S_TIM3_CH2.0=TIM3_CH2,Encoder_Interface
SH.S_TIM3_CH2.ConfNb=1
SH.S_TIM9_CH1.0=TIM9_CH1,PWM Generation1 CH1
SH.S_TIM9_CH1.ConfNb=1
SH.S_TIM9_CH2.0=TIM9_CH2,PWM Generation2 CH2
SH.S_TIM9_CH2.ConfNb=1
SPI1.CalculateBaudRate=42.0 MBits/s
SPI1.Direction=SPI_DIRECTION_2LINES
SPI1.IPParameters=VirtualType,Mode,Direction,CalculateBaudRate
SPI1.Mode=SPI_MODE_MASTER
SPI1.VirtualType=VM_MASTER
SPI3.CalculateBaudRate=21.0 MBits/s
SPI3.Direction=SPI_DIRECTION_2LINES
SPI3.IPParameters=VirtualType,Mode,Direction,CalculateBaudRate
SPI3.Mode=SPI_MODE_MASTER
SPI3.VirtualType=VM_MASTER
TIM10.AutoReloadPreload=TIM_AUTORELOAD_PRELOAD_ENABLE
TIM10.ClockDivision=TIM_CLOCKDIVISION_DIV1
TIM10.IPParameters=Prescaler,Period,AutoReloadPreload,ClockDivision
TIM10.Period=9999
TIM10.Prescaler=167
TIM11.IPParameters=Prescaler,Period
TIM11.Period=9999
TIM11.Prescaler=167
TIM12.Channel-PWM\ Generation1\ CH1=TIM_CHANNEL_1
TIM12.Channel-PWM\ Generation2\ CH2=TIM_CHANNEL_2
TIM12.IPParameters=Channel-PWM Generation1 CH1,Channel-PWM Generation2 CH2,Prescaler,Period
TIM12.Period=999
TIM12.Prescaler=3
TIM13.IPParameters=Prescaler,Period
TIM13.Period=9999
TIM13.Prescaler=83
TIM14.IPParameters=Prescaler,Period
TIM14.Period=9999
TIM14.Prescaler=83
TIM2.CounterMode=TIM_COUNTERMODE_UP
TIM2.EncoderMode=TIM_ENCODERMODE_TI12
TIM2.IC1Filter=4
TIM2.IC2Filter=4
TIM2.IPParameters=EncoderMode,Period,IC1Filter,IC2Filter,CounterMode
TIM2.Period=65535
TIM3.AutoReloadPreload=TIM_AUTORELOAD_PRELOAD_DISABLE
TIM3.EncoderMode=TIM_ENCODERMODE_TI12
TIM3.IC1Filter=4
TIM3.IC2Filter=4
TIM3.IPParameters=EncoderMode,IC1Filter,IC2Filter,AutoReloadPreload
TIM7.AutoReloadPreload=TIM_AUTORELOAD_PRELOAD_ENABLE
TIM7.IPParameters=AutoReloadPreload,Prescaler,Period
TIM7.Period=9999
TIM7.Prescaler=83
TIM9.Channel-PWM\ Generation1\ CH1=TIM_CHANNEL_1
TIM9.Channel-PWM\ Generation2\ CH2=TIM_CHANNEL_2
TIM9.IPParameters=Channel-PWM Generation1 CH1,Channel-PWM Generation2 CH2,Prescaler,Period
TIM9.Period=999
TIM9.Prescaler=7
UART4.IPParameters=VirtualMode
UART4.VirtualMode=Asynchronous
UART5.IPParameters=VirtualMode
UART5.VirtualMode=Asynchronous
USART1.IPParameters=VirtualMode
USART1.VirtualMode=VM_ASYNC
USB_DEVICE.CLASS_NAME_FS=CDC
USB_DEVICE.IPParameters=VirtualMode-CDC_FS,VirtualModeFS,CLASS_NAME_FS
USB_DEVICE.VirtualMode-CDC_FS=Cdc
USB_DEVICE.VirtualModeFS=Cdc_FS
USB_OTG_FS.IPParameters=VirtualMode
USB_OTG_FS.VirtualMode=Device_Only
VP_ADC1_TempSens_Input.Mode=IN-TempSens
VP_ADC1_TempSens_Input.Signal=ADC1_TempSens_Input
VP_ADC1_Vref_Input.Mode=IN-Vrefint
VP_ADC1_Vref_Input.Signal=ADC1_Vref_Input
VP_FREERTOS_VS_CMSIS_V2.Mode=CMSIS_V2
VP_FREERTOS_VS_CMSIS_V2.Signal=FREERTOS_VS_CMSIS_V2
VP_SYS_VS_tim6.Mode=TIM6
VP_SYS_VS_tim6.Signal=SYS_VS_tim6
VP_TIM10_VS_ClockSourceINT.Mode=Enable_Timer
VP_TIM10_VS_ClockSourceINT.Signal=TIM10_VS_ClockSourceINT
VP_TIM11_VS_ClockSourceINT.Mode=Enable_Timer
VP_TIM11_VS_ClockSourceINT.Signal=TIM11_VS_ClockSourceINT
VP_TIM13_VS_ClockSourceINT.Mode=Enable_Timer
VP_TIM13_VS_ClockSourceINT.Signal=TIM13_VS_ClockSourceINT
VP_TIM14_VS_ClockSourceINT.Mode=Enable_Timer
VP_TIM14_VS_ClockSourceINT.Signal=TIM14_VS_ClockSourceINT
VP_TIM7_VS_ClockSourceINT.Mode=Enable_Timer
VP_TIM7_VS_ClockSourceINT.Signal=TIM7_VS_ClockSourceINT
VP_USB_DEVICE_VS_USB_DEVICE_CDC_FS.Mode=CDC_FS
VP_USB_DEVICE_VS_USB_DEVICE_CDC_FS.Signal=USB_DEVICE_VS_USB_DEVICE_CDC_FS
board=custom
